{
  "pins" : [
    {
      "identity" : "swift-leak-check",
      "kind" : "remoteSourceControl",
      "location" : "https://github.com/dimohamdy/swift-leak-check",
      "state" : {
        "branch" : "master",
        "revision" : "88e4364b4cec6fd78afd2e212c7a510e83af9b90"
      }
    },
    {
      "identity" : "swift-syntax",
      "kind" : "remoteSourceControl",
      "location" : "https://github.com/apple/swift-syntax",
      "state" : {
        "revision" : "cd793adf5680e138bf2bcbaacc292490175d0dcd",
        "version" : "508.0.0"
      }
    }
  ],
  "version" : 2
}
